
Microsoft Visual Studio Solution File, Format Version 12.00
# Visual Studio Version 17
VisualStudioVersion = 17.6.33815.320
MinimumVisualStudioVersion = 10.0.40219.1
Project("{FAE04EC0-301F-11D3-BF4B-00C04F79EFBC}") = "Juego_Cartas", "Juego_Cartas\Juego_Cartas.csproj", "{7A39FDF5-7EEF-427B-BC0E-83B2F6B437BE}"
EndProject
Global
	GlobalSection(SolutionConfigurationPlatforms) = preSolution
		Debug|Any CPU = Debug|Any CPU
		Release|Any CPU = Release|Any CPU
	EndGlobalSection
	GlobalSection(ProjectConfigurationPlatforms) = postSolution
		{7A39FDF5-7EEF-427B-BC0E-83B2F6B437BE}.Debug|Any CPU.ActiveCfg = Debug|Any CPU
		{7A39FDF5-7EEF-427B-BC0E-83B2F6B437BE}.Debug|Any CPU.Build.0 = Debug|Any CPU
		{7A39FDF5-7EEF-427B-BC0E-83B2F6B437BE}.Release|Any CPU.ActiveCfg = Release|Any CPU
		{7A39FDF5-7EEF-427B-BC0E-83B2F6B437BE}.Release|Any CPU.Build.0 = Release|Any CPU
	EndGlobalSection
	GlobalSection(SolutionProperties) = preSolution
		HideSolutionNode = FALSE
	EndGlobalSection
	GlobalSection(ExtensibilityGlobals) = postSolution
		SolutionGuid = {E6F64F95-A7AE-4FA7-BAAD-F91582A3D91D}
	EndGlobalSection
EndGlobal
